PODS:
  - MondrianLayout (0.9.0)
  - PINCache (3.0.3):
    - PINCache/Arc-exception-safe (= 3.0.3)
    - PINCache/Core (= 3.0.3)
  - PINCache/Arc-exception-safe (3.0.3):
    - PINCache/Core
  - PINCache/Core (3.0.3):
    - PINOperation (~> 1.2.1)
  - PINOperation (1.2.1)
  - PINRemoteImage/Core (3.0.3):
    - PINOperation
  - PINRemoteImage/iOS (3.0.3):
    - PINRemoteImage/Core
  - PINRemoteImage/PINCache (3.0.3):
    - PINCache (~> 3.0.3)
    - PINRemoteImage/Core
  - Texture (3.0.0):
    - Texture/AssetsLibrary (= 3.0.0)
    - Texture/Core (= 3.0.0)
    - Texture/MapKit (= 3.0.0)
    - Texture/Photos (= 3.0.0)
    - Texture/PINRemoteImage (= 3.0.0)
    - Texture/Video (= 3.0.0)
  - Texture/AssetsLibrary (3.0.0):
    - Texture/Core
  - Texture/Core (3.0.0)
  - Texture/MapKit (3.0.0):
    - Texture/Core
  - Texture/Photos (3.0.0):
    - Texture/Core
  - Texture/PINRemoteImage (3.0.0):
    - PINRemoteImage/iOS (~> 3.0.0)
    - PINRemoteImage/PINCache
    - Texture/Core
  - Texture/Video (3.0.0):
    - Texture/Core
  - TextureBridging (3.0.1):
    - Texture/Core (~> 3)
  - TextureSwiftSupport (3.8.0):
    - Texture/Core (>= 3)
    - TextureSwiftSupport/Components (= 3.8.0)
    - TextureSwiftSupport/Experiments (= 3.8.0)
    - TextureSwiftSupport/Extensions (= 3.8.0)
    - TextureSwiftSupport/LayoutSpecBuilders (= 3.8.0)
  - TextureSwiftSupport/Components (3.8.0):
    - Texture/Core (>= 3)
    - TextureSwiftSupport/LayoutSpecBuilders
  - TextureSwiftSupport/Experiments (3.8.0):
    - Texture/Core (>= 3)
  - TextureSwiftSupport/Extensions (3.8.0):
    - Texture/Core (>= 3)
  - TextureSwiftSupport/LayoutSpecBuilders (3.8.0):
    - Texture/Core (>= 3)

DEPENDENCIES:
  - MondrianLayout (>= 0.8.0)
  - Texture (>= 3.0.0)
  - TextureBridging
  - TextureSwiftSupport

SPEC REPOS:
  trunk:
    - MondrianLayout
    - PINCache
    - PINOperation
    - PINRemoteImage
    - Texture
    - TextureBridging
    - TextureSwiftSupport

SPEC CHECKSUMS:
  MondrianLayout: 9f16c5ddf0fd50f32a787987ca538677f1de5908
  PINCache: 7a8fc1a691173d21dbddbf86cd515de6efa55086
  PINOperation: 00c935935f1e8cf0d1e2d6b542e75b88fc3e5e20
  PINRemoteImage: f1295b29f8c5e640e25335a1b2bd9d805171bd01
  Texture: 2f109e937850d94d1d07232041c9c7313ccddb81
  TextureBridging: b4035a6a9e64d061f3238f3dc08abd36b8eff8f7
  TextureSwiftSupport: 60449bfcf95cd5fc0c331f3f753810365172aa87

PODFILE CHECKSUM: 70b6f774726122d9397f8c828e978989e3952000

COCOAPODS: 1.11.2
