// !$*UTF8*$!
{
	archiveVersion = 1;
	classes = {
	};
	objectVersion = 51;
	objects = {

/* Begin PBXBuildFile section */
		22DA1534AF8BA1D734AE95F4 /* Pods_StorybookKitTextureSupport.framework in Frameworks */ = {isa = PBXBuildFile; fileRef = 329D2AC3F14381E5B214D0AA /* Pods_StorybookKitTextureSupport.framework */; };
		4B126886246D8F3D00F5DA51 /* BookViewPresentableType.swift in Sources */ = {isa = PBXBuildFile; fileRef = 4B126885246D8F3D00F5DA51 /* BookViewPresentableType.swift */; };
		4B1582082619BC740072569A /* StorybookFilterViewController.swift in Sources */ = {isa = PBXBuildFile; fileRef = 4B1582072619BC740072569A /* StorybookFilterViewController.swift */; };
		4B1582132619C0C50072569A /* Extensions.swift in Sources */ = {isa = PBXBuildFile; fileRef = 4B1582122619C0C50072569A /* Extensions.swift */; };
		4B15BB272667B118006A0D04 /* BookParagraph.swift in Sources */ = {isa = PBXBuildFile; fileRef = 4B15BB262667B118006A0D04 /* BookParagraph.swift */; };
		4B15BB292667B138006A0D04 /* BookHeading1.swift in Sources */ = {isa = PBXBuildFile; fileRef = 4B15BB282667B138006A0D04 /* BookHeading1.swift */; };
		4B15BB2B2667B15E006A0D04 /* BookHeading2.swift in Sources */ = {isa = PBXBuildFile; fileRef = 4B15BB2A2667B15E006A0D04 /* BookHeading2.swift */; };
		4B15BB2D2667B172006A0D04 /* BookHeading3.swift in Sources */ = {isa = PBXBuildFile; fileRef = 4B15BB2C2667B172006A0D04 /* BookHeading3.swift */; };
		4B15BB302667B1BB006A0D04 /* BookHeadline.swift in Sources */ = {isa = PBXBuildFile; fileRef = 4B15BB2F2667B1BB006A0D04 /* BookHeadline.swift */; };
		4B15BB342667CF43006A0D04 /* BookCallout.swift in Sources */ = {isa = PBXBuildFile; fileRef = 4B15BB332667CF43006A0D04 /* BookCallout.swift */; };
		4B1FE787248900C300C90F6A /* StackCellType.swift in Sources */ = {isa = PBXBuildFile; fileRef = 4B1FE783248900B300C90F6A /* StackCellType.swift */; };
		4B1FE788248900C300C90F6A /* StackScrollView.swift in Sources */ = {isa = PBXBuildFile; fileRef = 4B1FE785248900B300C90F6A /* StackScrollView.swift */; };
		4B1FE78A248902A900C90F6A /* ResizeDetectingView.swift in Sources */ = {isa = PBXBuildFile; fileRef = 4B1FE789248902A800C90F6A /* ResizeDetectingView.swift */; };
		4B2A664B247A91B100FEC120 /* BookLorem.swift in Sources */ = {isa = PBXBuildFile; fileRef = 4B2A664A247A91B100FEC120 /* BookLorem.swift */; };
		4B2A664D247A925C00FEC120 /* BookPattern.swift in Sources */ = {isa = PBXBuildFile; fileRef = 4B2A664C247A925C00FEC120 /* BookPattern.swift */; };
		4B3B4B622663C9AB0065E84E /* StorybookKitTextureSupport.h in Headers */ = {isa = PBXBuildFile; fileRef = 4B3B4B522663C9AB0065E84E /* StorybookKitTextureSupport.h */; settings = {ATTRIBUTES = (Public, ); }; };
		4B3B4B652663C9AB0065E84E /* StorybookKitTextureSupport.framework in Frameworks */ = {isa = PBXBuildFile; fileRef = 4B3B4B502663C9AB0065E84E /* StorybookKitTextureSupport.framework */; };
		4B3B4B662663C9AB0065E84E /* StorybookKitTextureSupport.framework in Embed Frameworks */ = {isa = PBXBuildFile; fileRef = 4B3B4B502663C9AB0065E84E /* StorybookKitTextureSupport.framework */; settings = {ATTRIBUTES = (CodeSignOnCopy, RemoveHeadersOnCopy, ); }; };
		4B3B4B6E2663CA490065E84E /* BookNodePreview.swift in Sources */ = {isa = PBXBuildFile; fileRef = 4B3B4B6D2663CA490065E84E /* BookNodePreview.swift */; };
		4B3B4B6F2663CA620065E84E /* StorybookKit.framework in Frameworks */ = {isa = PBXBuildFile; fileRef = 957A89412226620900CDD25D /* StorybookKit.framework */; };
		4B6B83442668967D003DBF31 /* BookGenerator.swift in Sources */ = {isa = PBXBuildFile; fileRef = 4B6B83432668967D003DBF31 /* BookGenerator.swift */; };
		4B6DDB952470FD4000240EE8 /* BookPreview.swift in Sources */ = {isa = PBXBuildFile; fileRef = 4B6DDB942470FD4000240EE8 /* BookPreview.swift */; };
		4B7F852C2470AADD00CC4459 /* BookPage.swift in Sources */ = {isa = PBXBuildFile; fileRef = 4B7F852B2470AADD00CC4459 /* BookPage.swift */; };
		4B7F852E2470AAFB00CC4459 /* BookSection.swift in Sources */ = {isa = PBXBuildFile; fileRef = 4B7F852D2470AAFB00CC4459 /* BookSection.swift */; };
		4B81173E246F31F10054BDFC /* FolderCell.swift in Sources */ = {isa = PBXBuildFile; fileRef = 4B81173D246F31F10054BDFC /* FolderCell.swift */; };
		4B81F791246F34BE009C7602 /* DSLCheck.swift in Sources */ = {isa = PBXBuildFile; fileRef = 4B81F790246F34BE009C7602 /* DSLCheck.swift */; };
		4B81F793246F3512009C7602 /* BookTree.swift in Sources */ = {isa = PBXBuildFile; fileRef = 4B81F792246F3512009C7602 /* BookTree.swift */; };
		4B81F795246F3546009C7602 /* BookForEach.swift in Sources */ = {isa = PBXBuildFile; fileRef = 4B81F794246F3546009C7602 /* BookForEach.swift */; };
		4B81F797246F356E009C7602 /* BookGroup.swift in Sources */ = {isa = PBXBuildFile; fileRef = 4B81F796246F356E009C7602 /* BookGroup.swift */; };
		4B81F79F246F3A37009C7602 /* BookText.swift in Sources */ = {isa = PBXBuildFile; fileRef = 4B81F79E246F3A37009C7602 /* BookText.swift */; };
		4B81F7A3246F3D83009C7602 /* BookPresent.swift in Sources */ = {isa = PBXBuildFile; fileRef = 4B81F7A2246F3D83009C7602 /* BookPresent.swift */; };
		4B81F7A5246F41E5009C7602 /* BookPadding.swift in Sources */ = {isa = PBXBuildFile; fileRef = 4B81F7A4246F41E5009C7602 /* BookPadding.swift */; };
		4B81F7A7246F49F5009C7602 /* Book.swift in Sources */ = {isa = PBXBuildFile; fileRef = 4B81F7A6246F49F5009C7602 /* Book.swift */; };
		4B81F7A9246F4A45009C7602 /* BookView.swift in Sources */ = {isa = PBXBuildFile; fileRef = 4B81F7A8246F4A45009C7602 /* BookView.swift */; };
		4BB03C0122266C1F006E9E49 /* TapStackCell.swift in Sources */ = {isa = PBXBuildFile; fileRef = 4BB03C0022266C1F006E9E49 /* TapStackCell.swift */; };
		4BB03C0922267064006E9E49 /* AppDelegate.swift in Sources */ = {isa = PBXBuildFile; fileRef = 4BB03C0822267064006E9E49 /* AppDelegate.swift */; };
		4BB03C0B22267064006E9E49 /* ViewController.swift in Sources */ = {isa = PBXBuildFile; fileRef = 4BB03C0A22267064006E9E49 /* ViewController.swift */; };
		4BB03C0E22267064006E9E49 /* Main.storyboard in Resources */ = {isa = PBXBuildFile; fileRef = 4BB03C0C22267064006E9E49 /* Main.storyboard */; };
		4BB03C1022267065006E9E49 /* Assets.xcassets in Resources */ = {isa = PBXBuildFile; fileRef = 4BB03C0F22267065006E9E49 /* Assets.xcassets */; };
		4BB03C1322267065006E9E49 /* LaunchScreen.storyboard in Resources */ = {isa = PBXBuildFile; fileRef = 4BB03C1122267065006E9E49 /* LaunchScreen.storyboard */; };
		4BB03C1822267075006E9E49 /* StorybookKit.framework in Frameworks */ = {isa = PBXBuildFile; fileRef = 957A89412226620900CDD25D /* StorybookKit.framework */; };
		4BB03C1922267075006E9E49 /* StorybookKit.framework in Embed Frameworks */ = {isa = PBXBuildFile; fileRef = 957A89412226620900CDD25D /* StorybookKit.framework */; settings = {ATTRIBUTES = (CodeSignOnCopy, RemoveHeadersOnCopy, ); }; };
		4BB03C1C22267075006E9E49 /* StorybookUI.framework in Frameworks */ = {isa = PBXBuildFile; fileRef = 957A894E2226621400CDD25D /* StorybookUI.framework */; };
		4BB03C1D22267075006E9E49 /* StorybookUI.framework in Embed Frameworks */ = {isa = PBXBuildFile; fileRef = 957A894E2226621400CDD25D /* StorybookUI.framework */; settings = {ATTRIBUTES = (CodeSignOnCopy, RemoveHeadersOnCopy, ); }; };
		4BB03C2A2226709D006E9E49 /* MyUIKit.h in Headers */ = {isa = PBXBuildFile; fileRef = 4BB03C282226709D006E9E49 /* MyUIKit.h */; settings = {ATTRIBUTES = (Public, ); }; };
		4BB03C2D2226709D006E9E49 /* MyUIKit.framework in Frameworks */ = {isa = PBXBuildFile; fileRef = 4BB03C262226709D006E9E49 /* MyUIKit.framework */; };
		4BB03C2E2226709D006E9E49 /* MyUIKit.framework in Embed Frameworks */ = {isa = PBXBuildFile; fileRef = 4BB03C262226709D006E9E49 /* MyUIKit.framework */; settings = {ATTRIBUTES = (CodeSignOnCopy, RemoveHeadersOnCopy, ); }; };
		4BB03C32222670AA006E9E49 /* StorybookKit.framework in Frameworks */ = {isa = PBXBuildFile; fileRef = 957A89412226620900CDD25D /* StorybookKit.framework */; };
		4BB13674246F29D400A2DFFE /* ComponentListViewController.swift in Sources */ = {isa = PBXBuildFile; fileRef = 4BB13673246F29D400A2DFFE /* ComponentListViewController.swift */; };
		4BB13678246F2DC700A2DFFE /* MyBook.swift in Sources */ = {isa = PBXBuildFile; fileRef = 4BB13677246F2DC700A2DFFE /* MyBook.swift */; };
		4BBE1109247557CB009E401C /* MyComponent.swift in Sources */ = {isa = PBXBuildFile; fileRef = 4BBE1108247557CB009E401C /* MyComponent.swift */; };
		4BBFBC0D2470DDE400509E69 /* BookNavigationLink.swift in Sources */ = {isa = PBXBuildFile; fileRef = 4BBFBC0C2470DDE400509E69 /* BookNavigationLink.swift */; };
		4BF6F4B2246F3349001830D5 /* BookInteractive.swift in Sources */ = {isa = PBXBuildFile; fileRef = 4BF6F4B1246F3349001830D5 /* BookInteractive.swift */; };
		4BFE5FDF2663D8D500C5C032 /* BookPush.swift in Sources */ = {isa = PBXBuildFile; fileRef = 4BFE5FDE2663D8D500C5C032 /* BookPush.swift */; };
		9523242A23D1C76C00677D5A /* MyLabel.swift in Sources */ = {isa = PBXBuildFile; fileRef = 9523242923D1C76C00677D5A /* MyLabel.swift */; };
		9523242C23D1C81A00677D5A /* LightLabel.swift in Sources */ = {isa = PBXBuildFile; fileRef = 9523242B23D1C81A00677D5A /* LightLabel.swift */; };
		9523242E23D1E8D200677D5A /* FilledLabel.swift in Sources */ = {isa = PBXBuildFile; fileRef = 9523242D23D1E8D200677D5A /* FilledLabel.swift */; };
		9523243423D201F600677D5A /* HighlightStackCell.swift in Sources */ = {isa = PBXBuildFile; fileRef = 9523243323D201F600677D5A /* HighlightStackCell.swift */; };
		957A89452226620900CDD25D /* StorybookKit.h in Headers */ = {isa = PBXBuildFile; fileRef = 957A89432226620900CDD25D /* StorybookKit.h */; settings = {ATTRIBUTES = (Public, ); }; };
		957A89522226621400CDD25D /* StorybookUI.h in Headers */ = {isa = PBXBuildFile; fileRef = 957A89502226621400CDD25D /* StorybookUI.h */; settings = {ATTRIBUTES = (Public, ); }; };
		957A89572226629900CDD25D /* StorybookKit.framework in Frameworks */ = {isa = PBXBuildFile; fileRef = 957A89412226620900CDD25D /* StorybookKit.framework */; };
		957A895B2226661600CDD25D /* StorybookKit.swift in Sources */ = {isa = PBXBuildFile; fileRef = 957A895A2226661600CDD25D /* StorybookKit.swift */; };
		957A895D2226662500CDD25D /* StorybookUI.swift in Sources */ = {isa = PBXBuildFile; fileRef = 957A895C2226662500CDD25D /* StorybookUI.swift */; };
		957A89692226695A00CDD25D /* CodeBased.swift in Sources */ = {isa = PBXBuildFile; fileRef = 957A89682226695A00CDD25D /* CodeBased.swift */; };
		957A89742226697600CDD25D /* StorybookViewController.swift in Sources */ = {isa = PBXBuildFile; fileRef = 957A89712226697600CDD25D /* StorybookViewController.swift */; };
		957A89752226697600CDD25D /* StackScrollViewController.swift in Sources */ = {isa = PBXBuildFile; fileRef = 957A89722226697600CDD25D /* StackScrollViewController.swift */; };
		957A897D2226699E00CDD25D /* SeparatorStackCell.swift in Sources */ = {isa = PBXBuildFile; fileRef = 957A89792226699E00CDD25D /* SeparatorStackCell.swift */; };
		ACB75B33D364CFE6EF3D352D /* Pods_Demo.framework in Frameworks */ = {isa = PBXBuildFile; fileRef = C2C634BE1EFF2E937BA82C4C /* Pods_Demo.framework */; };
		C96EE36A50FD1F31311E8A0D /* Pods_MyUIKit.framework in Frameworks */ = {isa = PBXBuildFile; fileRef = 6002FAA92E154DBC64C9C8A9 /* Pods_MyUIKit.framework */; };
/* End PBXBuildFile section */

/* Begin PBXContainerItemProxy section */
		4B3B4B632663C9AB0065E84E /* PBXContainerItemProxy */ = {
			isa = PBXContainerItemProxy;
			containerPortal = 957A89282226610200CDD25D /* Project object */;
			proxyType = 1;
			remoteGlobalIDString = 4B3B4B4F2663C9AB0065E84E;
			remoteInfo = StorybookKitTextureSupport;
		};
		4B3B4B712663CA620065E84E /* PBXContainerItemProxy */ = {
			isa = PBXContainerItemProxy;
			containerPortal = 957A89282226610200CDD25D /* Project object */;
			proxyType = 1;
			remoteGlobalIDString = 957A89402226620900CDD25D;
			remoteInfo = StorybookKit;
		};
		4BB03C1A22267075006E9E49 /* PBXContainerItemProxy */ = {
			isa = PBXContainerItemProxy;
			containerPortal = 957A89282226610200CDD25D /* Project object */;
			proxyType = 1;
			remoteGlobalIDString = 957A89402226620900CDD25D;
			remoteInfo = StorybookKit;
		};
		4BB03C1E22267075006E9E49 /* PBXContainerItemProxy */ = {
			isa = PBXContainerItemProxy;
			containerPortal = 957A89282226610200CDD25D /* Project object */;
			proxyType = 1;
			remoteGlobalIDString = 957A894D2226621400CDD25D;
			remoteInfo = StorybookUI;
		};
		4BB03C2B2226709D006E9E49 /* PBXContainerItemProxy */ = {
			isa = PBXContainerItemProxy;
			containerPortal = 957A89282226610200CDD25D /* Project object */;
			proxyType = 1;
			remoteGlobalIDString = 4BB03C252226709D006E9E49;
			remoteInfo = MyUIKit;
		};
		4BB03C33222670B7006E9E49 /* PBXContainerItemProxy */ = {
			isa = PBXContainerItemProxy;
			containerPortal = 957A89282226610200CDD25D /* Project object */;
			proxyType = 1;
			remoteGlobalIDString = 957A89402226620900CDD25D;
			remoteInfo = StorybookKit;
		};
		957A89582226629F00CDD25D /* PBXContainerItemProxy */ = {
			isa = PBXContainerItemProxy;
			containerPortal = 957A89282226610200CDD25D /* Project object */;
			proxyType = 1;
			remoteGlobalIDString = 957A89402226620900CDD25D;
			remoteInfo = StorybookKit;
		};
/* End PBXContainerItemProxy section */

/* Begin PBXCopyFilesBuildPhase section */
		4BB03C2022267075006E9E49 /* Embed Frameworks */ = {
			isa = PBXCopyFilesBuildPhase;
			buildActionMask = 2147483647;
			dstPath = "";
			dstSubfolderSpec = 10;
			files = (
				4BB03C2E2226709D006E9E49 /* MyUIKit.framework in Embed Frameworks */,
				4BB03C1922267075006E9E49 /* StorybookKit.framework in Embed Frameworks */,
				4B3B4B662663C9AB0065E84E /* StorybookKitTextureSupport.framework in Embed Frameworks */,
				4BB03C1D22267075006E9E49 /* StorybookUI.framework in Embed Frameworks */,
			);
			name = "Embed Frameworks";
			runOnlyForDeploymentPostprocessing = 0;
		};
/* End PBXCopyFilesBuildPhase section */

/* Begin PBXFileReference section */
		329D2AC3F14381E5B214D0AA /* Pods_StorybookKitTextureSupport.framework */ = {isa = PBXFileReference; explicitFileType = wrapper.framework; includeInIndex = 0; path = Pods_StorybookKitTextureSupport.framework; sourceTree = BUILT_PRODUCTS_DIR; };
		4B126885246D8F3D00F5DA51 /* BookViewPresentableType.swift */ = {isa = PBXFileReference; lastKnownFileType = sourcecode.swift; path = BookViewPresentableType.swift; sourceTree = "<group>"; };
		4B1582072619BC740072569A /* StorybookFilterViewController.swift */ = {isa = PBXFileReference; lastKnownFileType = sourcecode.swift; path = StorybookFilterViewController.swift; sourceTree = "<group>"; };
		4B1582122619C0C50072569A /* Extensions.swift */ = {isa = PBXFileReference; lastKnownFileType = sourcecode.swift; path = Extensions.swift; sourceTree = "<group>"; };
		4B15BB262667B118006A0D04 /* BookParagraph.swift */ = {isa = PBXFileReference; lastKnownFileType = sourcecode.swift; path = BookParagraph.swift; sourceTree = "<group>"; };
		4B15BB282667B138006A0D04 /* BookHeading1.swift */ = {isa = PBXFileReference; lastKnownFileType = sourcecode.swift; path = BookHeading1.swift; sourceTree = "<group>"; };
		4B15BB2A2667B15E006A0D04 /* BookHeading2.swift */ = {isa = PBXFileReference; lastKnownFileType = sourcecode.swift; path = BookHeading2.swift; sourceTree = "<group>"; };
		4B15BB2C2667B172006A0D04 /* BookHeading3.swift */ = {isa = PBXFileReference; lastKnownFileType = sourcecode.swift; path = BookHeading3.swift; sourceTree = "<group>"; };
		4B15BB2F2667B1BB006A0D04 /* BookHeadline.swift */ = {isa = PBXFileReference; lastKnownFileType = sourcecode.swift; path = BookHeadline.swift; sourceTree = "<group>"; };
		4B15BB332667CF43006A0D04 /* BookCallout.swift */ = {isa = PBXFileReference; lastKnownFileType = sourcecode.swift; path = BookCallout.swift; sourceTree = "<group>"; };
		4B1FE783248900B300C90F6A /* StackCellType.swift */ = {isa = PBXFileReference; lastKnownFileType = sourcecode.swift; path = StackCellType.swift; sourceTree = "<group>"; };
		4B1FE785248900B300C90F6A /* StackScrollView.swift */ = {isa = PBXFileReference; lastKnownFileType = sourcecode.swift; path = StackScrollView.swift; sourceTree = "<group>"; };
		4B1FE789248902A800C90F6A /* ResizeDetectingView.swift */ = {isa = PBXFileReference; lastKnownFileType = sourcecode.swift; path = ResizeDetectingView.swift; sourceTree = "<group>"; };
		4B2A664A247A91B100FEC120 /* BookLorem.swift */ = {isa = PBXFileReference; lastKnownFileType = sourcecode.swift; path = BookLorem.swift; sourceTree = "<group>"; };
		4B2A664C247A925C00FEC120 /* BookPattern.swift */ = {isa = PBXFileReference; lastKnownFileType = sourcecode.swift; path = BookPattern.swift; sourceTree = "<group>"; };
		4B3B4B502663C9AB0065E84E /* StorybookKitTextureSupport.framework */ = {isa = PBXFileReference; explicitFileType = wrapper.framework; includeInIndex = 0; path = StorybookKitTextureSupport.framework; sourceTree = BUILT_PRODUCTS_DIR; };
		4B3B4B522663C9AB0065E84E /* StorybookKitTextureSupport.h */ = {isa = PBXFileReference; lastKnownFileType = sourcecode.c.h; path = StorybookKitTextureSupport.h; sourceTree = "<group>"; };
		4B3B4B532663C9AB0065E84E /* Info.plist */ = {isa = PBXFileReference; lastKnownFileType = text.plist.xml; path = Info.plist; sourceTree = "<group>"; };
		4B3B4B6D2663CA490065E84E /* BookNodePreview.swift */ = {isa = PBXFileReference; lastKnownFileType = sourcecode.swift; path = BookNodePreview.swift; sourceTree = "<group>"; };
		4B6B83432668967D003DBF31 /* BookGenerator.swift */ = {isa = PBXFileReference; lastKnownFileType = sourcecode.swift; path = BookGenerator.swift; sourceTree = "<group>"; };
		4B6DDB942470FD4000240EE8 /* BookPreview.swift */ = {isa = PBXFileReference; fileEncoding = 4; lastKnownFileType = sourcecode.swift; path = BookPreview.swift; sourceTree = "<group>"; };
		4B7F852B2470AADD00CC4459 /* BookPage.swift */ = {isa = PBXFileReference; lastKnownFileType = sourcecode.swift; path = BookPage.swift; sourceTree = "<group>"; };
		4B7F852D2470AAFB00CC4459 /* BookSection.swift */ = {isa = PBXFileReference; lastKnownFileType = sourcecode.swift; path = BookSection.swift; sourceTree = "<group>"; };
		4B81173D246F31F10054BDFC /* FolderCell.swift */ = {isa = PBXFileReference; lastKnownFileType = sourcecode.swift; path = FolderCell.swift; sourceTree = "<group>"; };
		4B81F790246F34BE009C7602 /* DSLCheck.swift */ = {isa = PBXFileReference; lastKnownFileType = sourcecode.swift; path = DSLCheck.swift; sourceTree = "<group>"; };
		4B81F792246F3512009C7602 /* BookTree.swift */ = {isa = PBXFileReference; lastKnownFileType = sourcecode.swift; path = BookTree.swift; sourceTree = "<group>"; };
		4B81F794246F3546009C7602 /* BookForEach.swift */ = {isa = PBXFileReference; lastKnownFileType = sourcecode.swift; path = BookForEach.swift; sourceTree = "<group>"; };
		4B81F796246F356E009C7602 /* BookGroup.swift */ = {isa = PBXFileReference; lastKnownFileType = sourcecode.swift; path = BookGroup.swift; sourceTree = "<group>"; };
		4B81F79E246F3A37009C7602 /* BookText.swift */ = {isa = PBXFileReference; lastKnownFileType = sourcecode.swift; path = BookText.swift; sourceTree = "<group>"; };
		4B81F7A2246F3D83009C7602 /* BookPresent.swift */ = {isa = PBXFileReference; lastKnownFileType = sourcecode.swift; path = BookPresent.swift; sourceTree = "<group>"; };
		4B81F7A4246F41E5009C7602 /* BookPadding.swift */ = {isa = PBXFileReference; lastKnownFileType = sourcecode.swift; path = BookPadding.swift; sourceTree = "<group>"; };
		4B81F7A6246F49F5009C7602 /* Book.swift */ = {isa = PBXFileReference; lastKnownFileType = sourcecode.swift; path = Book.swift; sourceTree = "<group>"; };
		4B81F7A8246F4A45009C7602 /* BookView.swift */ = {isa = PBXFileReference; lastKnownFileType = sourcecode.swift; path = BookView.swift; sourceTree = "<group>"; };
		4BB03C0022266C1F006E9E49 /* TapStackCell.swift */ = {isa = PBXFileReference; lastKnownFileType = sourcecode.swift; path = TapStackCell.swift; sourceTree = "<group>"; };
		4BB03C0622267064006E9E49 /* Demo.app */ = {isa = PBXFileReference; explicitFileType = wrapper.application; includeInIndex = 0; path = Demo.app; sourceTree = BUILT_PRODUCTS_DIR; };
		4BB03C0822267064006E9E49 /* AppDelegate.swift */ = {isa = PBXFileReference; lastKnownFileType = sourcecode.swift; path = AppDelegate.swift; sourceTree = "<group>"; };
		4BB03C0A22267064006E9E49 /* ViewController.swift */ = {isa = PBXFileReference; lastKnownFileType = sourcecode.swift; path = ViewController.swift; sourceTree = "<group>"; };
		4BB03C0D22267064006E9E49 /* Base */ = {isa = PBXFileReference; lastKnownFileType = file.storyboard; name = Base; path = Base.lproj/Main.storyboard; sourceTree = "<group>"; };
		4BB03C0F22267065006E9E49 /* Assets.xcassets */ = {isa = PBXFileReference; lastKnownFileType = folder.assetcatalog; path = Assets.xcassets; sourceTree = "<group>"; };
		4BB03C1222267065006E9E49 /* Base */ = {isa = PBXFileReference; lastKnownFileType = file.storyboard; name = Base; path = Base.lproj/LaunchScreen.storyboard; sourceTree = "<group>"; };
		4BB03C1422267065006E9E49 /* Info.plist */ = {isa = PBXFileReference; lastKnownFileType = text.plist.xml; path = Info.plist; sourceTree = "<group>"; };
		4BB03C262226709D006E9E49 /* MyUIKit.framework */ = {isa = PBXFileReference; explicitFileType = wrapper.framework; includeInIndex = 0; path = MyUIKit.framework; sourceTree = BUILT_PRODUCTS_DIR; };
		4BB03C282226709D006E9E49 /* MyUIKit.h */ = {isa = PBXFileReference; lastKnownFileType = sourcecode.c.h; path = MyUIKit.h; sourceTree = "<group>"; };
		4BB03C292226709D006E9E49 /* Info.plist */ = {isa = PBXFileReference; lastKnownFileType = text.plist.xml; path = Info.plist; sourceTree = "<group>"; };
		4BB13673246F29D400A2DFFE /* ComponentListViewController.swift */ = {isa = PBXFileReference; lastKnownFileType = sourcecode.swift; path = ComponentListViewController.swift; sourceTree = "<group>"; };
		4BB13677246F2DC700A2DFFE /* MyBook.swift */ = {isa = PBXFileReference; lastKnownFileType = sourcecode.swift; path = MyBook.swift; sourceTree = "<group>"; };
		4BBE1108247557CB009E401C /* MyComponent.swift */ = {isa = PBXFileReference; lastKnownFileType = sourcecode.swift; path = MyComponent.swift; sourceTree = "<group>"; };
		4BBFBC0C2470DDE400509E69 /* BookNavigationLink.swift */ = {isa = PBXFileReference; fileEncoding = 4; lastKnownFileType = sourcecode.swift; path = BookNavigationLink.swift; sourceTree = "<group>"; };
		4BF6F4B1246F3349001830D5 /* BookInteractive.swift */ = {isa = PBXFileReference; lastKnownFileType = sourcecode.swift; path = BookInteractive.swift; sourceTree = "<group>"; };
		4BFE5FDE2663D8D500C5C032 /* BookPush.swift */ = {isa = PBXFileReference; lastKnownFileType = sourcecode.swift; path = BookPush.swift; sourceTree = "<group>"; };
		5052075B875304A9736B62A6 /* Pods-Demo.release.xcconfig */ = {isa = PBXFileReference; includeInIndex = 1; lastKnownFileType = text.xcconfig; name = "Pods-Demo.release.xcconfig"; path = "Target Support Files/Pods-Demo/Pods-Demo.release.xcconfig"; sourceTree = "<group>"; };
		6002FAA92E154DBC64C9C8A9 /* Pods_MyUIKit.framework */ = {isa = PBXFileReference; explicitFileType = wrapper.framework; includeInIndex = 0; path = Pods_MyUIKit.framework; sourceTree = BUILT_PRODUCTS_DIR; };
		61AFDB2F727562AAF6B14771 /* Pods-MyUIKit.debug.xcconfig */ = {isa = PBXFileReference; includeInIndex = 1; lastKnownFileType = text.xcconfig; name = "Pods-MyUIKit.debug.xcconfig"; path = "Target Support Files/Pods-MyUIKit/Pods-MyUIKit.debug.xcconfig"; sourceTree = "<group>"; };
		9523242923D1C76C00677D5A /* MyLabel.swift */ = {isa = PBXFileReference; lastKnownFileType = sourcecode.swift; path = MyLabel.swift; sourceTree = "<group>"; };
		9523242B23D1C81A00677D5A /* LightLabel.swift */ = {isa = PBXFileReference; lastKnownFileType = sourcecode.swift; path = LightLabel.swift; sourceTree = "<group>"; };
		9523242D23D1E8D200677D5A /* FilledLabel.swift */ = {isa = PBXFileReference; lastKnownFileType = sourcecode.swift; path = FilledLabel.swift; sourceTree = "<group>"; };
		9523243323D201F600677D5A /* HighlightStackCell.swift */ = {isa = PBXFileReference; lastKnownFileType = sourcecode.swift; path = HighlightStackCell.swift; sourceTree = "<group>"; };
		957A89412226620900CDD25D /* StorybookKit.framework */ = {isa = PBXFileReference; explicitFileType = wrapper.framework; includeInIndex = 0; path = StorybookKit.framework; sourceTree = BUILT_PRODUCTS_DIR; };
		957A89432226620900CDD25D /* StorybookKit.h */ = {isa = PBXFileReference; lastKnownFileType = sourcecode.c.h; path = StorybookKit.h; sourceTree = "<group>"; };
		957A89442226620900CDD25D /* Info.plist */ = {isa = PBXFileReference; lastKnownFileType = text.plist.xml; path = Info.plist; sourceTree = "<group>"; };
		957A894E2226621400CDD25D /* StorybookUI.framework */ = {isa = PBXFileReference; explicitFileType = wrapper.framework; includeInIndex = 0; path = StorybookUI.framework; sourceTree = BUILT_PRODUCTS_DIR; };
		957A89502226621400CDD25D /* StorybookUI.h */ = {isa = PBXFileReference; lastKnownFileType = sourcecode.c.h; path = StorybookUI.h; sourceTree = "<group>"; };
		957A89512226621400CDD25D /* Info.plist */ = {isa = PBXFileReference; lastKnownFileType = text.plist.xml; path = Info.plist; sourceTree = "<group>"; };
		957A895A2226661600CDD25D /* StorybookKit.swift */ = {isa = PBXFileReference; lastKnownFileType = sourcecode.swift; path = StorybookKit.swift; sourceTree = "<group>"; };
		957A895C2226662500CDD25D /* StorybookUI.swift */ = {isa = PBXFileReference; lastKnownFileType = sourcecode.swift; path = StorybookUI.swift; sourceTree = "<group>"; };
		957A89682226695A00CDD25D /* CodeBased.swift */ = {isa = PBXFileReference; fileEncoding = 4; lastKnownFileType = sourcecode.swift; path = CodeBased.swift; sourceTree = "<group>"; };
		957A89712226697600CDD25D /* StorybookViewController.swift */ = {isa = PBXFileReference; fileEncoding = 4; lastKnownFileType = sourcecode.swift; path = StorybookViewController.swift; sourceTree = "<group>"; };
		957A89722226697600CDD25D /* StackScrollViewController.swift */ = {isa = PBXFileReference; fileEncoding = 4; lastKnownFileType = sourcecode.swift; path = StackScrollViewController.swift; sourceTree = "<group>"; };
		957A89792226699E00CDD25D /* SeparatorStackCell.swift */ = {isa = PBXFileReference; fileEncoding = 4; lastKnownFileType = sourcecode.swift; path = SeparatorStackCell.swift; sourceTree = "<group>"; };
		9A7D243771974D4FF205141D /* Pods-StorybookKitTextureSupport.release.xcconfig */ = {isa = PBXFileReference; includeInIndex = 1; lastKnownFileType = text.xcconfig; name = "Pods-StorybookKitTextureSupport.release.xcconfig"; path = "Target Support Files/Pods-StorybookKitTextureSupport/Pods-StorybookKitTextureSupport.release.xcconfig"; sourceTree = "<group>"; };
		9BBFF863B8AF50660B498506 /* Pods-StorybookKitTextureSupport.debug.xcconfig */ = {isa = PBXFileReference; includeInIndex = 1; lastKnownFileType = text.xcconfig; name = "Pods-StorybookKitTextureSupport.debug.xcconfig"; path = "Target Support Files/Pods-StorybookKitTextureSupport/Pods-StorybookKitTextureSupport.debug.xcconfig"; sourceTree = "<group>"; };
		A8BB215BD78166AA0C914DC3 /* Pods-Demo.debug.xcconfig */ = {isa = PBXFileReference; includeInIndex = 1; lastKnownFileType = text.xcconfig; name = "Pods-Demo.debug.xcconfig"; path = "Target Support Files/Pods-Demo/Pods-Demo.debug.xcconfig"; sourceTree = "<group>"; };
		C2C634BE1EFF2E937BA82C4C /* Pods_Demo.framework */ = {isa = PBXFileReference; explicitFileType = wrapper.framework; includeInIndex = 0; path = Pods_Demo.framework; sourceTree = BUILT_PRODUCTS_DIR; };
		DC0D3EC766BF34CBEA56D083 /* Pods-MyUIKit.release.xcconfig */ = {isa = PBXFileReference; includeInIndex = 1; lastKnownFileType = text.xcconfig; name = "Pods-MyUIKit.release.xcconfig"; path = "Target Support Files/Pods-MyUIKit/Pods-MyUIKit.release.xcconfig"; sourceTree = "<group>"; };
/* End PBXFileReference section */

/* Begin PBXFrameworksBuildPhase section */
		4B3B4B4D2663C9AB0065E84E /* Frameworks */ = {
			isa = PBXFrameworksBuildPhase;
			buildActionMask = 2147483647;
			files = (
				4B3B4B6F2663CA620065E84E /* StorybookKit.framework in Frameworks */,
				22DA1534AF8BA1D734AE95F4 /* Pods_StorybookKitTextureSupport.framework in Frameworks */,
			);
			runOnlyForDeploymentPostprocessing = 0;
		};
		4BB03C0322267064006E9E49 /* Frameworks */ = {
			isa = PBXFrameworksBuildPhase;
			buildActionMask = 2147483647;
			files = (
				4BB03C2D2226709D006E9E49 /* MyUIKit.framework in Frameworks */,
				4B3B4B652663C9AB0065E84E /* StorybookKitTextureSupport.framework in Frameworks */,
				4BB03C1822267075006E9E49 /* StorybookKit.framework in Frameworks */,
				4BB03C1C22267075006E9E49 /* StorybookUI.framework in Frameworks */,
				ACB75B33D364CFE6EF3D352D /* Pods_Demo.framework in Frameworks */,
			);
			runOnlyForDeploymentPostprocessing = 0;
		};
		4BB03C232226709D006E9E49 /* Frameworks */ = {
			isa = PBXFrameworksBuildPhase;
			buildActionMask = 2147483647;
			files = (
				4BB03C32222670AA006E9E49 /* StorybookKit.framework in Frameworks */,
				C96EE36A50FD1F31311E8A0D /* Pods_MyUIKit.framework in Frameworks */,
			);
			runOnlyForDeploymentPostprocessing = 0;
		};
		957A893E2226620900CDD25D /* Frameworks */ = {
			isa = PBXFrameworksBuildPhase;
			buildActionMask = 2147483647;
			files = (
			);
			runOnlyForDeploymentPostprocessing = 0;
		};
		957A894B2226621400CDD25D /* Frameworks */ = {
			isa = PBXFrameworksBuildPhase;
			buildActionMask = 2147483647;
			files = (
				957A89572226629900CDD25D /* StorybookKit.framework in Frameworks */,
			);
			runOnlyForDeploymentPostprocessing = 0;
		};
/* End PBXFrameworksBuildPhase section */

/* Begin PBXGroup section */
		353DF115099EFE9E78CCC900 /* Pods */ = {
			isa = PBXGroup;
			children = (
				A8BB215BD78166AA0C914DC3 /* Pods-Demo.debug.xcconfig */,
				5052075B875304A9736B62A6 /* Pods-Demo.release.xcconfig */,
				61AFDB2F727562AAF6B14771 /* Pods-MyUIKit.debug.xcconfig */,
				DC0D3EC766BF34CBEA56D083 /* Pods-MyUIKit.release.xcconfig */,
				9BBFF863B8AF50660B498506 /* Pods-StorybookKitTextureSupport.debug.xcconfig */,
				9A7D243771974D4FF205141D /* Pods-StorybookKitTextureSupport.release.xcconfig */,
			);
			path = Pods;
			sourceTree = "<group>";
		};
		4B15BB252667B0E3006A0D04 /* Typography */ = {
			isa = PBXGroup;
			children = (
				4B15BB262667B118006A0D04 /* BookParagraph.swift */,
				4B15BB282667B138006A0D04 /* BookHeading1.swift */,
				4B15BB2A2667B15E006A0D04 /* BookHeading2.swift */,
				4B15BB2C2667B172006A0D04 /* BookHeading3.swift */,
			);
			path = Typography;
			sourceTree = "<group>";
		};
		4B15BB2E2667B1B3006A0D04 /* Deprecates */ = {
			isa = PBXGroup;
			children = (
				4B15BB2F2667B1BB006A0D04 /* BookHeadline.swift */,
			);
			path = Deprecates;
			sourceTree = "<group>";
		};
		4B15BB312667B217006A0D04 /* Primitives */ = {
			isa = PBXGroup;
			children = (
				4B81F7A6246F49F5009C7602 /* Book.swift */,
				4B81F792246F3512009C7602 /* BookTree.swift */,
				4B81F7A8246F4A45009C7602 /* BookView.swift */,
				4B81F7A2246F3D83009C7602 /* BookPresent.swift */,
				4B6DDB942470FD4000240EE8 /* BookPreview.swift */,
				4B81F79E246F3A37009C7602 /* BookText.swift */,
				4BFE5FDE2663D8D500C5C032 /* BookPush.swift */,
				4BBFBC0C2470DDE400509E69 /* BookNavigationLink.swift */,
				4BF6F4B1246F3349001830D5 /* BookInteractive.swift */,
				4B7F852B2470AADD00CC4459 /* BookPage.swift */,
				4B15BB332667CF43006A0D04 /* BookCallout.swift */,
			);
			path = Primitives;
			sourceTree = "<group>";
		};
		4B15BB322667B274006A0D04 /* Compositions */ = {
			isa = PBXGroup;
			children = (
				4B81F796246F356E009C7602 /* BookGroup.swift */,
				4B81F794246F3546009C7602 /* BookForEach.swift */,
				4B2A664C247A925C00FEC120 /* BookPattern.swift */,
				4B7F852D2470AAFB00CC4459 /* BookSection.swift */,
				4B81F7A4246F41E5009C7602 /* BookPadding.swift */,
			);
			path = Compositions;
			sourceTree = "<group>";
		};
		4B1FE7822489008200C90F6A /* StackScrollView */ = {
			isa = PBXGroup;
			children = (
				4B1FE783248900B300C90F6A /* StackCellType.swift */,
				4B1FE785248900B300C90F6A /* StackScrollView.swift */,
			);
			path = StackScrollView;
			sourceTree = "<group>";
		};
		4B3B4B512663C9AB0065E84E /* StorybookKitTextureSupport */ = {
			isa = PBXGroup;
			children = (
				4B3B4B522663C9AB0065E84E /* StorybookKitTextureSupport.h */,
				4B3B4B532663C9AB0065E84E /* Info.plist */,
				4B3B4B6D2663CA490065E84E /* BookNodePreview.swift */,
			);
			path = StorybookKitTextureSupport;
			sourceTree = "<group>";
		};
		4BB03C0722267064006E9E49 /* Demo */ = {
			isa = PBXGroup;
			children = (
				4BB03C0822267064006E9E49 /* AppDelegate.swift */,
				4BB03C0A22267064006E9E49 /* ViewController.swift */,
				4BB03C0C22267064006E9E49 /* Main.storyboard */,
				4BB03C0F22267065006E9E49 /* Assets.xcassets */,
				4BB03C1122267065006E9E49 /* LaunchScreen.storyboard */,
				4BB03C1422267065006E9E49 /* Info.plist */,
				4B81F790246F34BE009C7602 /* DSLCheck.swift */,
			);
			path = Demo;
			sourceTree = "<group>";
		};
		4BB03C272226709D006E9E49 /* MyUIKit */ = {
			isa = PBXGroup;
			children = (
				4BB03C282226709D006E9E49 /* MyUIKit.h */,
				4BB03C292226709D006E9E49 /* Info.plist */,
				4BB13677246F2DC700A2DFFE /* MyBook.swift */,
				9523242823D1C76000677D5A /* Elements */,
			);
			path = MyUIKit;
			sourceTree = "<group>";
		};
		9523242823D1C76000677D5A /* Elements */ = {
			isa = PBXGroup;
			children = (
				9523242D23D1E8D200677D5A /* FilledLabel.swift */,
				9523242B23D1C81A00677D5A /* LightLabel.swift */,
				9523242923D1C76C00677D5A /* MyLabel.swift */,
				4BBE1108247557CB009E401C /* MyComponent.swift */,
			);
			path = Elements;
			sourceTree = "<group>";
		};
		9523243123D2002200677D5A /* ViewControllers */ = {
			isa = PBXGroup;
			children = (
				4BB13673246F29D400A2DFFE /* ComponentListViewController.swift */,
				957A89722226697600CDD25D /* StackScrollViewController.swift */,
				957A89712226697600CDD25D /* StorybookViewController.swift */,
				4B1582072619BC740072569A /* StorybookFilterViewController.swift */,
			);
			path = ViewControllers;
			sourceTree = "<group>";
		};
		957A89272226610200CDD25D = {
			isa = PBXGroup;
			children = (
				4B3B4B512663C9AB0065E84E /* StorybookKitTextureSupport */,
				957A89422226620900CDD25D /* StorybookKit */,
				957A894F2226621400CDD25D /* StorybookUI */,
				4BB03C0722267064006E9E49 /* Demo */,
				4BB03C272226709D006E9E49 /* MyUIKit */,
				957A89322226610200CDD25D /* Products */,
				957A89562226629900CDD25D /* Frameworks */,
				353DF115099EFE9E78CCC900 /* Pods */,
			);
			indentWidth = 2;
			sourceTree = "<group>";
			tabWidth = 2;
		};
		957A89322226610200CDD25D /* Products */ = {
			isa = PBXGroup;
			children = (
				957A89412226620900CDD25D /* StorybookKit.framework */,
				957A894E2226621400CDD25D /* StorybookUI.framework */,
				4BB03C0622267064006E9E49 /* Demo.app */,
				4BB03C262226709D006E9E49 /* MyUIKit.framework */,
				4B3B4B502663C9AB0065E84E /* StorybookKitTextureSupport.framework */,
			);
			name = Products;
			sourceTree = "<group>";
		};
		957A89422226620900CDD25D /* StorybookKit */ = {
			isa = PBXGroup;
			children = (
				4B15BB322667B274006A0D04 /* Compositions */,
				4B15BB312667B217006A0D04 /* Primitives */,
				957A89432226620900CDD25D /* StorybookKit.h */,
				957A89442226620900CDD25D /* Info.plist */,
				4B2A664A247A91B100FEC120 /* BookLorem.swift */,
				4B126885246D8F3D00F5DA51 /* BookViewPresentableType.swift */,
				957A895A2226661600CDD25D /* StorybookKit.swift */,
				4B15BB2E2667B1B3006A0D04 /* Deprecates */,
				4B15BB252667B0E3006A0D04 /* Typography */,
				4B6B83432668967D003DBF31 /* BookGenerator.swift */,
			);
			path = StorybookKit;
			sourceTree = "<group>";
		};
		957A894F2226621400CDD25D /* StorybookUI */ = {
			isa = PBXGroup;
			children = (
				4B1FE7822489008200C90F6A /* StackScrollView */,
				957A89502226621400CDD25D /* StorybookUI.h */,
				957A89512226621400CDD25D /* Info.plist */,
				957A89682226695A00CDD25D /* CodeBased.swift */,
				957A895C2226662500CDD25D /* StorybookUI.swift */,
				9523243123D2002200677D5A /* ViewControllers */,
				957A89762226699E00CDD25D /* Components */,
				4B1582122619C0C50072569A /* Extensions.swift */,
			);
			path = StorybookUI;
			sourceTree = "<group>";
		};
		957A89562226629900CDD25D /* Frameworks */ = {
			isa = PBXGroup;
			children = (
				C2C634BE1EFF2E937BA82C4C /* Pods_Demo.framework */,
				6002FAA92E154DBC64C9C8A9 /* Pods_MyUIKit.framework */,
				329D2AC3F14381E5B214D0AA /* Pods_StorybookKitTextureSupport.framework */,
			);
			name = Frameworks;
			sourceTree = "<group>";
		};
		957A89762226699E00CDD25D /* Components */ = {
			isa = PBXGroup;
			children = (
				9523243323D201F600677D5A /* HighlightStackCell.swift */,
				957A89792226699E00CDD25D /* SeparatorStackCell.swift */,
				4BB03C0022266C1F006E9E49 /* TapStackCell.swift */,
				4B81173D246F31F10054BDFC /* FolderCell.swift */,
				4B1FE789248902A800C90F6A /* ResizeDetectingView.swift */,
			);
			path = Components;
			sourceTree = "<group>";
		};
/* End PBXGroup section */

/* Begin PBXHeadersBuildPhase section */
		4B3B4B4B2663C9AB0065E84E /* Headers */ = {
			isa = PBXHeadersBuildPhase;
			buildActionMask = 2147483647;
			files = (
				4B3B4B622663C9AB0065E84E /* StorybookKitTextureSupport.h in Headers */,
			);
			runOnlyForDeploymentPostprocessing = 0;
		};
		4BB03C212226709D006E9E49 /* Headers */ = {
			isa = PBXHeadersBuildPhase;
			buildActionMask = 2147483647;
			files = (
				4BB03C2A2226709D006E9E49 /* MyUIKit.h in Headers */,
			);
			runOnlyForDeploymentPostprocessing = 0;
		};
		957A893C2226620900CDD25D /* Headers */ = {
			isa = PBXHeadersBuildPhase;
			buildActionMask = 2147483647;
			files = (
				957A89452226620900CDD25D /* StorybookKit.h in Headers */,
			);
			runOnlyForDeploymentPostprocessing = 0;
		};
		957A89492226621400CDD25D /* Headers */ = {
			isa = PBXHeadersBuildPhase;
			buildActionMask = 2147483647;
			files = (
				957A89522226621400CDD25D /* StorybookUI.h in Headers */,
			);
			runOnlyForDeploymentPostprocessing = 0;
		};
/* End PBXHeadersBuildPhase section */

/* Begin PBXNativeTarget section */
		4B3B4B4F2663C9AB0065E84E /* StorybookKitTextureSupport */ = {
			isa = PBXNativeTarget;
			buildConfigurationList = 4B3B4B6B2663C9AB0065E84E /* Build configuration list for PBXNativeTarget "StorybookKitTextureSupport" */;
			buildPhases = (
				576D6DAACE84048F6F13C701 /* [CP] Check Pods Manifest.lock */,
				4B3B4B4B2663C9AB0065E84E /* Headers */,
				4B3B4B4C2663C9AB0065E84E /* Sources */,
				4B3B4B4D2663C9AB0065E84E /* Frameworks */,
				4B3B4B4E2663C9AB0065E84E /* Resources */,
			);
			buildRules = (
			);
			dependencies = (
				4B3B4B722663CA620065E84E /* PBXTargetDependency */,
			);
			name = StorybookKitTextureSupport;
			productName = StorybookKitTextureSupport;
			productReference = 4B3B4B502663C9AB0065E84E /* StorybookKitTextureSupport.framework */;
			productType = "com.apple.product-type.framework";
		};
		4BB03C0522267064006E9E49 /* Demo */ = {
			isa = PBXNativeTarget;
			buildConfigurationList = 4BB03C1522267065006E9E49 /* Build configuration list for PBXNativeTarget "Demo" */;
			buildPhases = (
				9CD112178588C490430EC604 /* [CP] Check Pods Manifest.lock */,
				4BB03C0222267064006E9E49 /* Sources */,
				4BB03C0322267064006E9E49 /* Frameworks */,
				4BB03C0422267064006E9E49 /* Resources */,
				4BB03C2022267075006E9E49 /* Embed Frameworks */,
				1DADC3E9E251EE8AAF391DF9 /* [CP] Embed Pods Frameworks */,
			);
			buildRules = (
			);
			dependencies = (
				4BB03C1B22267075006E9E49 /* PBXTargetDependency */,
				4BB03C1F22267075006E9E49 /* PBXTargetDependency */,
				4BB03C2C2226709D006E9E49 /* PBXTargetDependency */,
				4B3B4B642663C9AB0065E84E /* PBXTargetDependency */,
			);
			name = Demo;
			productName = Demo;
			productReference = 4BB03C0622267064006E9E49 /* Demo.app */;
			productType = "com.apple.product-type.application";
		};
		4BB03C252226709D006E9E49 /* MyUIKit */ = {
			isa = PBXNativeTarget;
			buildConfigurationList = 4BB03C2F2226709D006E9E49 /* Build configuration list for PBXNativeTarget "MyUIKit" */;
			buildPhases = (
				27F8CC4D3E980479B76B666D /* [CP] Check Pods Manifest.lock */,
				4BB03C212226709D006E9E49 /* Headers */,
				4BB03C222226709D006E9E49 /* Sources */,
				4BB03C232226709D006E9E49 /* Frameworks */,
				4BB03C242226709D006E9E49 /* Resources */,
			);
			buildRules = (
			);
			dependencies = (
				4BB03C34222670B7006E9E49 /* PBXTargetDependency */,
			);
			name = MyUIKit;
			productName = MyUIKit;
			productReference = 4BB03C262226709D006E9E49 /* MyUIKit.framework */;
			productType = "com.apple.product-type.framework";
		};
		957A89402226620900CDD25D /* StorybookKit */ = {
			isa = PBXNativeTarget;
			buildConfigurationList = 957A89462226620900CDD25D /* Build configuration list for PBXNativeTarget "StorybookKit" */;
			buildPhases = (
				957A893C2226620900CDD25D /* Headers */,
				957A893D2226620900CDD25D /* Sources */,
				957A893E2226620900CDD25D /* Frameworks */,
				957A893F2226620900CDD25D /* Resources */,
			);
			buildRules = (
			);
			dependencies = (
			);
			name = StorybookKit;
			productName = StorybookKit;
			productReference = 957A89412226620900CDD25D /* StorybookKit.framework */;
			productType = "com.apple.product-type.framework";
		};
		957A894D2226621400CDD25D /* StorybookUI */ = {
			isa = PBXNativeTarget;
			buildConfigurationList = 957A89532226621400CDD25D /* Build configuration list for PBXNativeTarget "StorybookUI" */;
			buildPhases = (
				957A89492226621400CDD25D /* Headers */,
				957A894A2226621400CDD25D /* Sources */,
				957A894B2226621400CDD25D /* Frameworks */,
				957A894C2226621400CDD25D /* Resources */,
			);
			buildRules = (
			);
			dependencies = (
				957A89592226629F00CDD25D /* PBXTargetDependency */,
			);
			name = StorybookUI;
			productName = StorybookUI;
			productReference = 957A894E2226621400CDD25D /* StorybookUI.framework */;
			productType = "com.apple.product-type.framework";
		};
/* End PBXNativeTarget section */

/* Begin PBXProject section */
		957A89282226610200CDD25D /* Project object */ = {
			isa = PBXProject;
			attributes = {
				LastSwiftUpdateCheck = 1250;
				LastUpgradeCheck = 1010;
				ORGANIZATIONNAME = "eureka, Inc.";
				TargetAttributes = {
					4B3B4B4F2663C9AB0065E84E = {
						CreatedOnToolsVersion = 12.5;
						LastSwiftMigration = 1250;
					};
					4BB03C0522267064006E9E49 = {
						CreatedOnToolsVersion = 10.1;
						LastSwiftMigration = 1130;
					};
					4BB03C252226709D006E9E49 = {
						CreatedOnToolsVersion = 10.1;
						LastSwiftMigration = 1130;
					};
					957A89402226620900CDD25D = {
						CreatedOnToolsVersion = 10.1;
						LastSwiftMigration = 1130;
					};
					957A894D2226621400CDD25D = {
						CreatedOnToolsVersion = 10.1;
						LastSwiftMigration = 1130;
					};
				};
			};
			buildConfigurationList = 957A892B2226610200CDD25D /* Build configuration list for PBXProject "Storybook" */;
			compatibilityVersion = "Xcode 9.3";
			developmentRegion = en;
			hasScannedForEncodings = 0;
			knownRegions = (
				en,
				Base,
			);
			mainGroup = 957A89272226610200CDD25D;
			productRefGroup = 957A89322226610200CDD25D /* Products */;
			projectDirPath = "";
			projectRoot = "";
			targets = (
				957A89402226620900CDD25D /* StorybookKit */,
				957A894D2226621400CDD25D /* StorybookUI */,
				4BB03C0522267064006E9E49 /* Demo */,
				4BB03C252226709D006E9E49 /* MyUIKit */,
				4B3B4B4F2663C9AB0065E84E /* StorybookKitTextureSupport */,
			);
		};
/* End PBXProject section */

/* Begin PBXResourcesBuildPhase section */
		4B3B4B4E2663C9AB0065E84E /* Resources */ = {
			isa = PBXResourcesBuildPhase;
			buildActionMask = 2147483647;
			files = (
			);
			runOnlyForDeploymentPostprocessing = 0;
		};
		4BB03C0422267064006E9E49 /* Resources */ = {
			isa = PBXResourcesBuildPhase;
			buildActionMask = 2147483647;
			files = (
				4BB03C1322267065006E9E49 /* LaunchScreen.storyboard in Resources */,
				4BB03C1022267065006E9E49 /* Assets.xcassets in Resources */,
				4BB03C0E22267064006E9E49 /* Main.storyboard in Resources */,
			);
			runOnlyForDeploymentPostprocessing = 0;
		};
		4BB03C242226709D006E9E49 /* Resources */ = {
			isa = PBXResourcesBuildPhase;
			buildActionMask = 2147483647;
			files = (
			);
			runOnlyForDeploymentPostprocessing = 0;
		};
		957A893F2226620900CDD25D /* Resources */ = {
			isa = PBXResourcesBuildPhase;
			buildActionMask = 2147483647;
			files = (
			);
			runOnlyForDeploymentPostprocessing = 0;
		};
		957A894C2226621400CDD25D /* Resources */ = {
			isa = PBXResourcesBuildPhase;
			buildActionMask = 2147483647;
			files = (
			);
			runOnlyForDeploymentPostprocessing = 0;
		};
/* End PBXResourcesBuildPhase section */

/* Begin PBXShellScriptBuildPhase section */
		1DADC3E9E251EE8AAF391DF9 /* [CP] Embed Pods Frameworks */ = {
			isa = PBXShellScriptBuildPhase;
			buildActionMask = 2147483647;
			files = (
			);
			inputFileListPaths = (
				"${PODS_ROOT}/Target Support Files/Pods-Demo/Pods-Demo-frameworks-${CONFIGURATION}-input-files.xcfilelist",
			);
			name = "[CP] Embed Pods Frameworks";
			outputFileListPaths = (
				"${PODS_ROOT}/Target Support Files/Pods-Demo/Pods-Demo-frameworks-${CONFIGURATION}-output-files.xcfilelist",
			);
			runOnlyForDeploymentPostprocessing = 0;
			shellPath = /bin/sh;
			shellScript = "\"${PODS_ROOT}/Target Support Files/Pods-Demo/Pods-Demo-frameworks.sh\"\n";
			showEnvVarsInLog = 0;
		};
		27F8CC4D3E980479B76B666D /* [CP] Check Pods Manifest.lock */ = {
			isa = PBXShellScriptBuildPhase;
			buildActionMask = 2147483647;
			files = (
			);
			inputFileListPaths = (
			);
			inputPaths = (
				"${PODS_PODFILE_DIR_PATH}/Podfile.lock",
				"${PODS_ROOT}/Manifest.lock",
			);
			name = "[CP] Check Pods Manifest.lock";
			outputFileListPaths = (
			);
			outputPaths = (
				"$(DERIVED_FILE_DIR)/Pods-MyUIKit-checkManifestLockResult.txt",
			);
			runOnlyForDeploymentPostprocessing = 0;
			shellPath = /bin/sh;
			shellScript = "diff \"${PODS_PODFILE_DIR_PATH}/Podfile.lock\" \"${PODS_ROOT}/Manifest.lock\" > /dev/null\nif [ $? != 0 ] ; then\n    # print error to STDERR\n    echo \"error: The sandbox is not in sync with the Podfile.lock. Run 'pod install' or update your CocoaPods installation.\" >&2\n    exit 1\nfi\n# This output is used by Xcode 'outputs' to avoid re-running this script phase.\necho \"SUCCESS\" > \"${SCRIPT_OUTPUT_FILE_0}\"\n";
			showEnvVarsInLog = 0;
		};
		576D6DAACE84048F6F13C701 /* [CP] Check Pods Manifest.lock */ = {
			isa = PBXShellScriptBuildPhase;
			buildActionMask = 2147483647;
			files = (
			);
			inputFileListPaths = (
			);
			inputPaths = (
				"${PODS_PODFILE_DIR_PATH}/Podfile.lock",
				"${PODS_ROOT}/Manifest.lock",
			);
			name = "[CP] Check Pods Manifest.lock";
			outputFileListPaths = (
			);
			outputPaths = (
				"$(DERIVED_FILE_DIR)/Pods-StorybookKitTextureSupport-checkManifestLockResult.txt",
			);
			runOnlyForDeploymentPostprocessing = 0;
			shellPath = /bin/sh;
			shellScript = "diff \"${PODS_PODFILE_DIR_PATH}/Podfile.lock\" \"${PODS_ROOT}/Manifest.lock\" > /dev/null\nif [ $? != 0 ] ; then\n    # print error to STDERR\n    echo \"error: The sandbox is not in sync with the Podfile.lock. Run 'pod install' or update your CocoaPods installation.\" >&2\n    exit 1\nfi\n# This output is used by Xcode 'outputs' to avoid re-running this script phase.\necho \"SUCCESS\" > \"${SCRIPT_OUTPUT_FILE_0}\"\n";
			showEnvVarsInLog = 0;
		};
		9CD112178588C490430EC604 /* [CP] Check Pods Manifest.lock */ = {
			isa = PBXShellScriptBuildPhase;
			buildActionMask = 2147483647;
			files = (
			);
			inputFileListPaths = (
			);
			inputPaths = (
				"${PODS_PODFILE_DIR_PATH}/Podfile.lock",
				"${PODS_ROOT}/Manifest.lock",
			);
			name = "[CP] Check Pods Manifest.lock";
			outputFileListPaths = (
			);
			outputPaths = (
				"$(DERIVED_FILE_DIR)/Pods-Demo-checkManifestLockResult.txt",
			);
			runOnlyForDeploymentPostprocessing = 0;
			shellPath = /bin/sh;
			shellScript = "diff \"${PODS_PODFILE_DIR_PATH}/Podfile.lock\" \"${PODS_ROOT}/Manifest.lock\" > /dev/null\nif [ $? != 0 ] ; then\n    # print error to STDERR\n    echo \"error: The sandbox is not in sync with the Podfile.lock. Run 'pod install' or update your CocoaPods installation.\" >&2\n    exit 1\nfi\n# This output is used by Xcode 'outputs' to avoid re-running this script phase.\necho \"SUCCESS\" > \"${SCRIPT_OUTPUT_FILE_0}\"\n";
			showEnvVarsInLog = 0;
		};
/* End PBXShellScriptBuildPhase section */

/* Begin PBXSourcesBuildPhase section */
		4B3B4B4C2663C9AB0065E84E /* Sources */ = {
			isa = PBXSourcesBuildPhase;
			buildActionMask = 2147483647;
			files = (
				4B3B4B6E2663CA490065E84E /* BookNodePreview.swift in Sources */,
			);
			runOnlyForDeploymentPostprocessing = 0;
		};
		4BB03C0222267064006E9E49 /* Sources */ = {
			isa = PBXSourcesBuildPhase;
			buildActionMask = 2147483647;
			files = (
				4BB03C0B22267064006E9E49 /* ViewController.swift in Sources */,
				4BB03C0922267064006E9E49 /* AppDelegate.swift in Sources */,
				4B81F791246F34BE009C7602 /* DSLCheck.swift in Sources */,
			);
			runOnlyForDeploymentPostprocessing = 0;
		};
		4BB03C222226709D006E9E49 /* Sources */ = {
			isa = PBXSourcesBuildPhase;
			buildActionMask = 2147483647;
			files = (
				9523242E23D1E8D200677D5A /* FilledLabel.swift in Sources */,
				9523242A23D1C76C00677D5A /* MyLabel.swift in Sources */,
				4BB13678246F2DC700A2DFFE /* MyBook.swift in Sources */,
				4BBE1109247557CB009E401C /* MyComponent.swift in Sources */,
				9523242C23D1C81A00677D5A /* LightLabel.swift in Sources */,
			);
			runOnlyForDeploymentPostprocessing = 0;
		};
		957A893D2226620900CDD25D /* Sources */ = {
			isa = PBXSourcesBuildPhase;
			buildActionMask = 2147483647;
			files = (
				4B7F852C2470AADD00CC4459 /* BookPage.swift in Sources */,
				4B81F793246F3512009C7602 /* BookTree.swift in Sources */,
				4B15BB2B2667B15E006A0D04 /* BookHeading2.swift in Sources */,
				4BBFBC0D2470DDE400509E69 /* BookNavigationLink.swift in Sources */,
				4B81F7A5246F41E5009C7602 /* BookPadding.swift in Sources */,
				4BFE5FDF2663D8D500C5C032 /* BookPush.swift in Sources */,
				4B15BB292667B138006A0D04 /* BookHeading1.swift in Sources */,
				4B81F79F246F3A37009C7602 /* BookText.swift in Sources */,
				4B2A664B247A91B100FEC120 /* BookLorem.swift in Sources */,
				4B81F797246F356E009C7602 /* BookGroup.swift in Sources */,
				4B126886246D8F3D00F5DA51 /* BookViewPresentableType.swift in Sources */,
				4B15BB342667CF43006A0D04 /* BookCallout.swift in Sources */,
				4B81F795246F3546009C7602 /* BookForEach.swift in Sources */,
				4B81F7A7246F49F5009C7602 /* Book.swift in Sources */,
				4B7F852E2470AAFB00CC4459 /* BookSection.swift in Sources */,
				4B2A664D247A925C00FEC120 /* BookPattern.swift in Sources */,
				4B81F7A3246F3D83009C7602 /* BookPresent.swift in Sources */,
				4BF6F4B2246F3349001830D5 /* BookInteractive.swift in Sources */,
				4B6DDB952470FD4000240EE8 /* BookPreview.swift in Sources */,
				957A895B2226661600CDD25D /* StorybookKit.swift in Sources */,
				4B6B83442668967D003DBF31 /* BookGenerator.swift in Sources */,
				4B15BB2D2667B172006A0D04 /* BookHeading3.swift in Sources */,
				4B81F7A9246F4A45009C7602 /* BookView.swift in Sources */,
				4B15BB302667B1BB006A0D04 /* BookHeadline.swift in Sources */,
				4B15BB272667B118006A0D04 /* BookParagraph.swift in Sources */,
			);
			runOnlyForDeploymentPostprocessing = 0;
		};
		957A894A2226621400CDD25D /* Sources */ = {
			isa = PBXSourcesBuildPhase;
			buildActionMask = 2147483647;
			files = (
				9523243423D201F600677D5A /* HighlightStackCell.swift in Sources */,
				4B1FE787248900C300C90F6A /* StackCellType.swift in Sources */,
				957A89742226697600CDD25D /* StorybookViewController.swift in Sources */,
				4BB13674246F29D400A2DFFE /* ComponentListViewController.swift in Sources */,
				4B1582082619BC740072569A /* StorybookFilterViewController.swift in Sources */,
				957A89692226695A00CDD25D /* CodeBased.swift in Sources */,
				957A895D2226662500CDD25D /* StorybookUI.swift in Sources */,
				4B1582132619C0C50072569A /* Extensions.swift in Sources */,
				957A897D2226699E00CDD25D /* SeparatorStackCell.swift in Sources */,
				957A89752226697600CDD25D /* StackScrollViewController.swift in Sources */,
				4B1FE78A248902A900C90F6A /* ResizeDetectingView.swift in Sources */,
				4BB03C0122266C1F006E9E49 /* TapStackCell.swift in Sources */,
				4B1FE788248900C300C90F6A /* StackScrollView.swift in Sources */,
				4B81173E246F31F10054BDFC /* FolderCell.swift in Sources */,
			);
			runOnlyForDeploymentPostprocessing = 0;
		};
/* End PBXSourcesBuildPhase section */

/* Begin PBXTargetDependency section */
		4B3B4B642663C9AB0065E84E /* PBXTargetDependency */ = {
			isa = PBXTargetDependency;
			target = 4B3B4B4F2663C9AB0065E84E /* StorybookKitTextureSupport */;
			targetProxy = 4B3B4B632663C9AB0065E84E /* PBXContainerItemProxy */;
		};
		4B3B4B722663CA620065E84E /* PBXTargetDependency */ = {
			isa = PBXTargetDependency;
			target = 957A89402226620900CDD25D /* StorybookKit */;
			targetProxy = 4B3B4B712663CA620065E84E /* PBXContainerItemProxy */;
		};
		4BB03C1B22267075006E9E49 /* PBXTargetDependency */ = {
			isa = PBXTargetDependency;
			target = 957A89402226620900CDD25D /* StorybookKit */;
			targetProxy = 4BB03C1A22267075006E9E49 /* PBXContainerItemProxy */;
		};
		4BB03C1F22267075006E9E49 /* PBXTargetDependency */ = {
			isa = PBXTargetDependency;
			target = 957A894D2226621400CDD25D /* StorybookUI */;
			targetProxy = 4BB03C1E22267075006E9E49 /* PBXContainerItemProxy */;
		};
		4BB03C2C2226709D006E9E49 /* PBXTargetDependency */ = {
			isa = PBXTargetDependency;
			target = 4BB03C252226709D006E9E49 /* MyUIKit */;
			targetProxy = 4BB03C2B2226709D006E9E49 /* PBXContainerItemProxy */;
		};
		4BB03C34222670B7006E9E49 /* PBXTargetDependency */ = {
			isa = PBXTargetDependency;
			target = 957A89402226620900CDD25D /* StorybookKit */;
			targetProxy = 4BB03C33222670B7006E9E49 /* PBXContainerItemProxy */;
		};
		957A89592226629F00CDD25D /* PBXTargetDependency */ = {
			isa = PBXTargetDependency;
			target = 957A89402226620900CDD25D /* StorybookKit */;
			targetProxy = 957A89582226629F00CDD25D /* PBXContainerItemProxy */;
		};
/* End PBXTargetDependency section */

/* Begin PBXVariantGroup section */
		4BB03C0C22267064006E9E49 /* Main.storyboard */ = {
			isa = PBXVariantGroup;
			children = (
				4BB03C0D22267064006E9E49 /* Base */,
			);
			name = Main.storyboard;
			sourceTree = "<group>";
		};
		4BB03C1122267065006E9E49 /* LaunchScreen.storyboard */ = {
			isa = PBXVariantGroup;
			children = (
				4BB03C1222267065006E9E49 /* Base */,
			);
			name = LaunchScreen.storyboard;
			sourceTree = "<group>";
		};
/* End PBXVariantGroup section */

/* Begin XCBuildConfiguration section */
		4B3B4B672663C9AB0065E84E /* Debug */ = {
			isa = XCBuildConfiguration;
			baseConfigurationReference = 9BBFF863B8AF50660B498506 /* Pods-StorybookKitTextureSupport.debug.xcconfig */;
			buildSettings = {
				CLANG_ENABLE_MODULES = YES;
				CLANG_WARN_QUOTED_INCLUDE_IN_FRAMEWORK_HEADER = YES;
				CODE_SIGN_STYLE = Automatic;
				DEFINES_MODULE = YES;
				DEVELOPMENT_TEAM = "";
				DYLIB_COMPATIBILITY_VERSION = 1;
				DYLIB_CURRENT_VERSION = 1;
				DYLIB_INSTALL_NAME_BASE = "@rpath";
				INFOPLIST_FILE = StorybookKitTextureSupport/Info.plist;
				INSTALL_PATH = "$(LOCAL_LIBRARY_DIR)/Frameworks";
				IPHONEOS_DEPLOYMENT_TARGET = 14.5;
				LD_RUNPATH_SEARCH_PATHS = (
					"$(inherited)",
					"@executable_path/Frameworks",
					"@loader_path/Frameworks",
				);
				PRODUCT_BUNDLE_IDENTIFIER = app.muukii.StorybookKitTextureSupport;
				PRODUCT_NAME = "$(TARGET_NAME:c99extidentifier)";
				SKIP_INSTALL = YES;
				SWIFT_OPTIMIZATION_LEVEL = "-Onone";
				SWIFT_VERSION = 5.0;
				TARGETED_DEVICE_FAMILY = "1,2";
			};
			name = Debug;
		};
		4B3B4B682663C9AB0065E84E /* Release */ = {
			isa = XCBuildConfiguration;
			baseConfigurationReference = 9A7D243771974D4FF205141D /* Pods-StorybookKitTextureSupport.release.xcconfig */;
			buildSettings = {
				CLANG_ENABLE_MODULES = YES;
				CLANG_WARN_QUOTED_INCLUDE_IN_FRAMEWORK_HEADER = YES;
				CODE_SIGN_STYLE = Automatic;
				DEFINES_MODULE = YES;
				DEVELOPMENT_TEAM = "";
				DYLIB_COMPATIBILITY_VERSION = 1;
				DYLIB_CURRENT_VERSION = 1;
				DYLIB_INSTALL_NAME_BASE = "@rpath";
				INFOPLIST_FILE = StorybookKitTextureSupport/Info.plist;
				INSTALL_PATH = "$(LOCAL_LIBRARY_DIR)/Frameworks";
				IPHONEOS_DEPLOYMENT_TARGET = 14.5;
				LD_RUNPATH_SEARCH_PATHS = (
					"$(inherited)",
					"@executable_path/Frameworks",
					"@loader_path/Frameworks",
				);
				PRODUCT_BUNDLE_IDENTIFIER = app.muukii.StorybookKitTextureSupport;
				PRODUCT_NAME = "$(TARGET_NAME:c99extidentifier)";
				SKIP_INSTALL = YES;
				SWIFT_VERSION = 5.0;
				TARGETED_DEVICE_FAMILY = "1,2";
			};
			name = Release;
		};
		4BB03C1622267065006E9E49 /* Debug */ = {
			isa = XCBuildConfiguration;
			baseConfigurationReference = A8BB215BD78166AA0C914DC3 /* Pods-Demo.debug.xcconfig */;
			buildSettings = {
				ALWAYS_EMBED_SWIFT_STANDARD_LIBRARIES = YES;
				ASSETCATALOG_COMPILER_APPICON_NAME = AppIcon;
				CODE_SIGN_STYLE = Manual;
				DEVELOPMENT_TEAM = "";
				INFOPLIST_FILE = Demo/Info.plist;
				LD_RUNPATH_SEARCH_PATHS = (
					"$(inherited)",
					"@executable_path/Frameworks",
				);
				PRODUCT_BUNDLE_IDENTIFIER = jp.eure.storybook.Demo;
				PRODUCT_NAME = "$(TARGET_NAME)";
				PROVISIONING_PROFILE_SPECIFIER = "";
				SWIFT_VERSION = 5.0;
				TARGETED_DEVICE_FAMILY = "1,2";
			};
			name = Debug;
		};
		4BB03C1722267065006E9E49 /* Release */ = {
			isa = XCBuildConfiguration;
			baseConfigurationReference = 5052075B875304A9736B62A6 /* Pods-Demo.release.xcconfig */;
			buildSettings = {
				ALWAYS_EMBED_SWIFT_STANDARD_LIBRARIES = YES;
				ASSETCATALOG_COMPILER_APPICON_NAME = AppIcon;
				CODE_SIGN_STYLE = Manual;
				DEVELOPMENT_TEAM = "";
				INFOPLIST_FILE = Demo/Info.plist;
				LD_RUNPATH_SEARCH_PATHS = (
					"$(inherited)",
					"@executable_path/Frameworks",
				);
				PRODUCT_BUNDLE_IDENTIFIER = jp.eure.storybook.Demo;
				PRODUCT_NAME = "$(TARGET_NAME)";
				PROVISIONING_PROFILE_SPECIFIER = "";
				SWIFT_VERSION = 5.0;
				TARGETED_DEVICE_FAMILY = "1,2";
			};
			name = Release;
		};
		4BB03C302226709D006E9E49 /* Debug */ = {
			isa = XCBuildConfiguration;
			baseConfigurationReference = 61AFDB2F727562AAF6B14771 /* Pods-MyUIKit.debug.xcconfig */;
			buildSettings = {
				APPLICATION_EXTENSION_API_ONLY = YES;
				CLANG_ENABLE_MODULES = YES;
				CODE_SIGN_IDENTITY = "";
				CODE_SIGN_STYLE = Automatic;
				DEFINES_MODULE = YES;
				DEVELOPMENT_TEAM = "";
				DYLIB_COMPATIBILITY_VERSION = 1;
				DYLIB_CURRENT_VERSION = 1;
				DYLIB_INSTALL_NAME_BASE = "@rpath";
				INFOPLIST_FILE = MyUIKit/Info.plist;
				INSTALL_PATH = "$(LOCAL_LIBRARY_DIR)/Frameworks";
				LD_RUNPATH_SEARCH_PATHS = (
					"$(inherited)",
					"@executable_path/Frameworks",
					"@loader_path/Frameworks",
				);
				PRODUCT_BUNDLE_IDENTIFIER = jp.eure.storybook.demo.MyUIKit;
				PRODUCT_NAME = "$(TARGET_NAME:c99extidentifier)";
				SKIP_INSTALL = YES;
				SWIFT_OPTIMIZATION_LEVEL = "-Onone";
				SWIFT_VERSION = 5.0;
				TARGETED_DEVICE_FAMILY = "1,2";
			};
			name = Debug;
		};
		4BB03C312226709D006E9E49 /* Release */ = {
			isa = XCBuildConfiguration;
			baseConfigurationReference = DC0D3EC766BF34CBEA56D083 /* Pods-MyUIKit.release.xcconfig */;
			buildSettings = {
				APPLICATION_EXTENSION_API_ONLY = YES;
				CLANG_ENABLE_MODULES = YES;
				CODE_SIGN_IDENTITY = "";
				CODE_SIGN_STYLE = Automatic;
				DEFINES_MODULE = YES;
				DEVELOPMENT_TEAM = "";
				DYLIB_COMPATIBILITY_VERSION = 1;
				DYLIB_CURRENT_VERSION = 1;
				DYLIB_INSTALL_NAME_BASE = "@rpath";
				INFOPLIST_FILE = MyUIKit/Info.plist;
				INSTALL_PATH = "$(LOCAL_LIBRARY_DIR)/Frameworks";
				LD_RUNPATH_SEARCH_PATHS = (
					"$(inherited)",
					"@executable_path/Frameworks",
					"@loader_path/Frameworks",
				);
				PRODUCT_BUNDLE_IDENTIFIER = jp.eure.storybook.demo.MyUIKit;
				PRODUCT_NAME = "$(TARGET_NAME:c99extidentifier)";
				SKIP_INSTALL = YES;
				SWIFT_VERSION = 5.0;
				TARGETED_DEVICE_FAMILY = "1,2";
			};
			name = Release;
		};
		957A89372226610200CDD25D /* Debug */ = {
			isa = XCBuildConfiguration;
			buildSettings = {
				ALWAYS_SEARCH_USER_PATHS = NO;
				CLANG_ANALYZER_NONNULL = YES;
				CLANG_ANALYZER_NUMBER_OBJECT_CONVERSION = YES_AGGRESSIVE;
				CLANG_CXX_LANGUAGE_STANDARD = "gnu++14";
				CLANG_CXX_LIBRARY = "libc++";
				CLANG_ENABLE_MODULES = YES;
				CLANG_ENABLE_OBJC_ARC = YES;
				CLANG_ENABLE_OBJC_WEAK = YES;
				CLANG_WARN_BLOCK_CAPTURE_AUTORELEASING = YES;
				CLANG_WARN_BOOL_CONVERSION = YES;
				CLANG_WARN_COMMA = YES;
				CLANG_WARN_CONSTANT_CONVERSION = YES;
				CLANG_WARN_DEPRECATED_OBJC_IMPLEMENTATIONS = YES;
				CLANG_WARN_DIRECT_OBJC_ISA_USAGE = YES_ERROR;
				CLANG_WARN_DOCUMENTATION_COMMENTS = YES;
				CLANG_WARN_EMPTY_BODY = YES;
				CLANG_WARN_ENUM_CONVERSION = YES;
				CLANG_WARN_INFINITE_RECURSION = YES;
				CLANG_WARN_INT_CONVERSION = YES;
				CLANG_WARN_NON_LITERAL_NULL_CONVERSION = YES;
				CLANG_WARN_OBJC_IMPLICIT_RETAIN_SELF = YES;
				CLANG_WARN_OBJC_LITERAL_CONVERSION = YES;
				CLANG_WARN_OBJC_ROOT_CLASS = YES_ERROR;
				CLANG_WARN_RANGE_LOOP_ANALYSIS = YES;
				CLANG_WARN_STRICT_PROTOTYPES = YES;
				CLANG_WARN_SUSPICIOUS_MOVE = YES;
				CLANG_WARN_UNGUARDED_AVAILABILITY = YES_AGGRESSIVE;
				CLANG_WARN_UNREACHABLE_CODE = YES;
				CLANG_WARN__DUPLICATE_METHOD_MATCH = YES;
				CODE_SIGN_IDENTITY = "iPhone Developer";
				COPY_PHASE_STRIP = NO;
				CURRENT_PROJECT_VERSION = 1;
				DEBUG_INFORMATION_FORMAT = dwarf;
				ENABLE_STRICT_OBJC_MSGSEND = YES;
				ENABLE_TESTABILITY = YES;
				GCC_C_LANGUAGE_STANDARD = gnu11;
				GCC_DYNAMIC_NO_PIC = NO;
				GCC_NO_COMMON_BLOCKS = YES;
				GCC_OPTIMIZATION_LEVEL = 0;
				GCC_PREPROCESSOR_DEFINITIONS = (
					"DEBUG=1",
					"$(inherited)",
				);
				GCC_WARN_64_TO_32_BIT_CONVERSION = YES;
				GCC_WARN_ABOUT_RETURN_TYPE = YES_ERROR;
				GCC_WARN_UNDECLARED_SELECTOR = YES;
				GCC_WARN_UNINITIALIZED_AUTOS = YES_AGGRESSIVE;
				GCC_WARN_UNUSED_FUNCTION = YES;
				GCC_WARN_UNUSED_VARIABLE = YES;
				IPHONEOS_DEPLOYMENT_TARGET = 11.0;
				MTL_ENABLE_DEBUG_INFO = INCLUDE_SOURCE;
				MTL_FAST_MATH = YES;
				ONLY_ACTIVE_ARCH = YES;
				SDKROOT = iphoneos;
				SWIFT_ACTIVE_COMPILATION_CONDITIONS = DEBUG;
				SWIFT_OPTIMIZATION_LEVEL = "-Onone";
				VERSIONING_SYSTEM = "apple-generic";
				VERSION_INFO_PREFIX = "";
			};
			name = Debug;
		};
		957A89382226610200CDD25D /* Release */ = {
			isa = XCBuildConfiguration;
			buildSettings = {
				ALWAYS_SEARCH_USER_PATHS = NO;
				CLANG_ANALYZER_NONNULL = YES;
				CLANG_ANALYZER_NUMBER_OBJECT_CONVERSION = YES_AGGRESSIVE;
				CLANG_CXX_LANGUAGE_STANDARD = "gnu++14";
				CLANG_CXX_LIBRARY = "libc++";
				CLANG_ENABLE_MODULES = YES;
				CLANG_ENABLE_OBJC_ARC = YES;
				CLANG_ENABLE_OBJC_WEAK = YES;
				CLANG_WARN_BLOCK_CAPTURE_AUTORELEASING = YES;
				CLANG_WARN_BOOL_CONVERSION = YES;
				CLANG_WARN_COMMA = YES;
				CLANG_WARN_CONSTANT_CONVERSION = YES;
				CLANG_WARN_DEPRECATED_OBJC_IMPLEMENTATIONS = YES;
				CLANG_WARN_DIRECT_OBJC_ISA_USAGE = YES_ERROR;
				CLANG_WARN_DOCUMENTATION_COMMENTS = YES;
				CLANG_WARN_EMPTY_BODY = YES;
				CLANG_WARN_ENUM_CONVERSION = YES;
				CLANG_WARN_INFINITE_RECURSION = YES;
				CLANG_WARN_INT_CONVERSION = YES;
				CLANG_WARN_NON_LITERAL_NULL_CONVERSION = YES;
				CLANG_WARN_OBJC_IMPLICIT_RETAIN_SELF = YES;
				CLANG_WARN_OBJC_LITERAL_CONVERSION = YES;
				CLANG_WARN_OBJC_ROOT_CLASS = YES_ERROR;
				CLANG_WARN_RANGE_LOOP_ANALYSIS = YES;
				CLANG_WARN_STRICT_PROTOTYPES = YES;
				CLANG_WARN_SUSPICIOUS_MOVE = YES;
				CLANG_WARN_UNGUARDED_AVAILABILITY = YES_AGGRESSIVE;
				CLANG_WARN_UNREACHABLE_CODE = YES;
				CLANG_WARN__DUPLICATE_METHOD_MATCH = YES;
				CODE_SIGN_IDENTITY = "iPhone Developer";
				COPY_PHASE_STRIP = NO;
				CURRENT_PROJECT_VERSION = 1;
				DEBUG_INFORMATION_FORMAT = "dwarf-with-dsym";
				ENABLE_NS_ASSERTIONS = NO;
				ENABLE_STRICT_OBJC_MSGSEND = YES;
				GCC_C_LANGUAGE_STANDARD = gnu11;
				GCC_NO_COMMON_BLOCKS = YES;
				GCC_WARN_64_TO_32_BIT_CONVERSION = YES;
				GCC_WARN_ABOUT_RETURN_TYPE = YES_ERROR;
				GCC_WARN_UNDECLARED_SELECTOR = YES;
				GCC_WARN_UNINITIALIZED_AUTOS = YES_AGGRESSIVE;
				GCC_WARN_UNUSED_FUNCTION = YES;
				GCC_WARN_UNUSED_VARIABLE = YES;
				IPHONEOS_DEPLOYMENT_TARGET = 11.0;
				MTL_ENABLE_DEBUG_INFO = NO;
				MTL_FAST_MATH = YES;
				SDKROOT = iphoneos;
				SWIFT_COMPILATION_MODE = wholemodule;
				SWIFT_OPTIMIZATION_LEVEL = "-O";
				VALIDATE_PRODUCT = YES;
				VERSIONING_SYSTEM = "apple-generic";
				VERSION_INFO_PREFIX = "";
			};
			name = Release;
		};
		957A89472226620900CDD25D /* Debug */ = {
			isa = XCBuildConfiguration;
			buildSettings = {
				APPLICATION_EXTENSION_API_ONLY = YES;
				CLANG_ENABLE_MODULES = YES;
				CODE_SIGN_IDENTITY = "";
				CODE_SIGN_STYLE = Automatic;
				DEFINES_MODULE = YES;
				DEVELOPMENT_TEAM = "";
				DYLIB_COMPATIBILITY_VERSION = 1;
				DYLIB_CURRENT_VERSION = 1;
				DYLIB_INSTALL_NAME_BASE = "@rpath";
				INFOPLIST_FILE = StorybookKit/Info.plist;
				INSTALL_PATH = "$(LOCAL_LIBRARY_DIR)/Frameworks";
				LD_RUNPATH_SEARCH_PATHS = (
					"$(inherited)",
					"@executable_path/Frameworks",
					"@loader_path/Frameworks",
				);
				PRODUCT_BUNDLE_IDENTIFIER = jp.eure.StorybookKit;
				PRODUCT_NAME = "$(TARGET_NAME:c99extidentifier)";
				SKIP_INSTALL = YES;
				SWIFT_OPTIMIZATION_LEVEL = "-Onone";
				SWIFT_VERSION = 5.0;
				TARGETED_DEVICE_FAMILY = "1,2";
			};
			name = Debug;
		};
		957A89482226620900CDD25D /* Release */ = {
			isa = XCBuildConfiguration;
			buildSettings = {
				APPLICATION_EXTENSION_API_ONLY = YES;
				CLANG_ENABLE_MODULES = YES;
				CODE_SIGN_IDENTITY = "";
				CODE_SIGN_STYLE = Automatic;
				DEFINES_MODULE = YES;
				DEVELOPMENT_TEAM = "";
				DYLIB_COMPATIBILITY_VERSION = 1;
				DYLIB_CURRENT_VERSION = 1;
				DYLIB_INSTALL_NAME_BASE = "@rpath";
				INFOPLIST_FILE = StorybookKit/Info.plist;
				INSTALL_PATH = "$(LOCAL_LIBRARY_DIR)/Frameworks";
				LD_RUNPATH_SEARCH_PATHS = (
					"$(inherited)",
					"@executable_path/Frameworks",
					"@loader_path/Frameworks",
				);
				PRODUCT_BUNDLE_IDENTIFIER = jp.eure.StorybookKit;
				PRODUCT_NAME = "$(TARGET_NAME:c99extidentifier)";
				SKIP_INSTALL = YES;
				SWIFT_VERSION = 5.0;
				TARGETED_DEVICE_FAMILY = "1,2";
			};
			name = Release;
		};
		957A89542226621400CDD25D /* Debug */ = {
			isa = XCBuildConfiguration;
			buildSettings = {
				APPLICATION_EXTENSION_API_ONLY = YES;
				CLANG_ENABLE_MODULES = YES;
				CODE_SIGN_IDENTITY = "";
				CODE_SIGN_STYLE = Automatic;
				DEFINES_MODULE = YES;
				DEVELOPMENT_TEAM = "";
				DYLIB_COMPATIBILITY_VERSION = 1;
				DYLIB_CURRENT_VERSION = 1;
				DYLIB_INSTALL_NAME_BASE = "@rpath";
				INFOPLIST_FILE = StorybookUI/Info.plist;
				INSTALL_PATH = "$(LOCAL_LIBRARY_DIR)/Frameworks";
				LD_RUNPATH_SEARCH_PATHS = (
					"$(inherited)",
					"@executable_path/Frameworks",
					"@loader_path/Frameworks",
				);
				PRODUCT_BUNDLE_IDENTIFIER = jp.eure.StorybookUI;
				PRODUCT_NAME = "$(TARGET_NAME:c99extidentifier)";
				SKIP_INSTALL = YES;
				SWIFT_OPTIMIZATION_LEVEL = "-Onone";
				SWIFT_VERSION = 5.0;
				TARGETED_DEVICE_FAMILY = "1,2";
			};
			name = Debug;
		};
		957A89552226621400CDD25D /* Release */ = {
			isa = XCBuildConfiguration;
			buildSettings = {
				APPLICATION_EXTENSION_API_ONLY = YES;
				CLANG_ENABLE_MODULES = YES;
				CODE_SIGN_IDENTITY = "";
				CODE_SIGN_STYLE = Automatic;
				DEFINES_MODULE = YES;
				DEVELOPMENT_TEAM = "";
				DYLIB_COMPATIBILITY_VERSION = 1;
				DYLIB_CURRENT_VERSION = 1;
				DYLIB_INSTALL_NAME_BASE = "@rpath";
				INFOPLIST_FILE = StorybookUI/Info.plist;
				INSTALL_PATH = "$(LOCAL_LIBRARY_DIR)/Frameworks";
				LD_RUNPATH_SEARCH_PATHS = (
					"$(inherited)",
					"@executable_path/Frameworks",
					"@loader_path/Frameworks",
				);
				PRODUCT_BUNDLE_IDENTIFIER = jp.eure.StorybookUI;
				PRODUCT_NAME = "$(TARGET_NAME:c99extidentifier)";
				SKIP_INSTALL = YES;
				SWIFT_VERSION = 5.0;
				TARGETED_DEVICE_FAMILY = "1,2";
			};
			name = Release;
		};
/* End XCBuildConfiguration section */

/* Begin XCConfigurationList section */
		4B3B4B6B2663C9AB0065E84E /* Build configuration list for PBXNativeTarget "StorybookKitTextureSupport" */ = {
			isa = XCConfigurationList;
			buildConfigurations = (
				4B3B4B672663C9AB0065E84E /* Debug */,
				4B3B4B682663C9AB0065E84E /* Release */,
			);
			defaultConfigurationIsVisible = 0;
			defaultConfigurationName = Release;
		};
		4BB03C1522267065006E9E49 /* Build configuration list for PBXNativeTarget "Demo" */ = {
			isa = XCConfigurationList;
			buildConfigurations = (
				4BB03C1622267065006E9E49 /* Debug */,
				4BB03C1722267065006E9E49 /* Release */,
			);
			defaultConfigurationIsVisible = 0;
			defaultConfigurationName = Release;
		};
		4BB03C2F2226709D006E9E49 /* Build configuration list for PBXNativeTarget "MyUIKit" */ = {
			isa = XCConfigurationList;
			buildConfigurations = (
				4BB03C302226709D006E9E49 /* Debug */,
				4BB03C312226709D006E9E49 /* Release */,
			);
			defaultConfigurationIsVisible = 0;
			defaultConfigurationName = Release;
		};
		957A892B2226610200CDD25D /* Build configuration list for PBXProject "Storybook" */ = {
			isa = XCConfigurationList;
			buildConfigurations = (
				957A89372226610200CDD25D /* Debug */,
				957A89382226610200CDD25D /* Release */,
			);
			defaultConfigurationIsVisible = 0;
			defaultConfigurationName = Release;
		};
		957A89462226620900CDD25D /* Build configuration list for PBXNativeTarget "StorybookKit" */ = {
			isa = XCConfigurationList;
			buildConfigurations = (
				957A89472226620900CDD25D /* Debug */,
				957A89482226620900CDD25D /* Release */,
			);
			defaultConfigurationIsVisible = 0;
			defaultConfigurationName = Release;
		};
		957A89532226621400CDD25D /* Build configuration list for PBXNativeTarget "StorybookUI" */ = {
			isa = XCConfigurationList;
			buildConfigurations = (
				957A89542226621400CDD25D /* Debug */,
				957A89552226621400CDD25D /* Release */,
			);
			defaultConfigurationIsVisible = 0;
			defaultConfigurationName = Release;
		};
/* End XCConfigurationList section */
	};
	rootObject = 957A89282226610200CDD25D /* Project object */;
}
